
Microsoft Visual Studio Solution File, Format Version 12.00
# Visual Studio 15
VisualStudioVersion = 15.0.27703.2026
MinimumVisualStudioVersion = 10.0.40219.1
Project("{FAE04EC0-301F-11D3-BF4B-00C04F79EFBC}") = "PrinterFiscal", "PrinterFiscal\PrinterFiscal.csproj", "{ECA7B070-CE28-43E3-BB5A-1DC79C5CBDC4}"
EndProject
Global
	GlobalSection(SolutionConfigurationPlatforms) = preSolution
		Debug|Any CPU = Debug|Any CPU
		Release|Any CPU = Release|Any CPU
	EndGlobalSection
	GlobalSection(ProjectConfigurationPlatforms) = postSolution
		{ECA7B070-CE28-43E3-BB5A-1DC79C5CBDC4}.Debug|Any CPU.ActiveCfg = Debug|Any CPU
		{ECA7B070-CE28-43E3-BB5A-1DC79C5CBDC4}.Debug|Any CPU.Build.0 = Debug|Any CPU
		{ECA7B070-CE28-43E3-BB5A-1DC79C5CBDC4}.Release|Any CPU.ActiveCfg = Release|Any CPU
		{ECA7B070-CE28-43E3-BB5A-1DC79C5CBDC4}.Release|Any CPU.Build.0 = Release|Any CPU
	EndGlobalSection
	GlobalSection(SolutionProperties) = preSolution
		HideSolutionNode = FALSE
	EndGlobalSection
	GlobalSection(ExtensibilityGlobals) = postSolution
		SolutionGuid = {8F423E54-D517-43BC-8166-AA7CF95DA54B}
	EndGlobalSection
EndGlobal
